// !$*UTF8*$!
{
	archiveVersion = 1;
	classes = {
	};
	objectVersion = 46;
	objects = {

/* Begin PBXBuildFile section */
		360BDFB9721F5026D0E47E86 /* libPods.a in Frameworks */ = {isa = PBXBuildFile; fileRef = 860247A595480644AFBBE732 /* libPods.a */; };
		B2D57CC01A695AEC00C2AAC4 /* main.m in Sources */ = {isa = PBXBuildFile; fileRef = B2D57CBF1A695AEC00C2AAC4 /* main.m */; };
		B2D57CC31A695AEC00C2AAC4 /* AppDelegate.m in Sources */ = {isa = PBXBuildFile; fileRef = B2D57CC21A695AEC00C2AAC4 /* AppDelegate.m */; };
		B2D57CC61A695AEC00C2AAC4 /* MasterViewController.m in Sources */ = {isa = PBXBuildFile; fileRef = B2D57CC51A695AEC00C2AAC4 /* MasterViewController.m */; };
		B2D57CCC1A695AEC00C2AAC4 /* Main.storyboard in Resources */ = {isa = PBXBuildFile; fileRef = B2D57CCA1A695AEC00C2AAC4 /* Main.storyboard */; };
		B2D57CCE1A695AEC00C2AAC4 /* Images.xcassets in Resources */ = {isa = PBXBuildFile; fileRef = B2D57CCD1A695AEC00C2AAC4 /* Images.xcassets */; };
		B2D57CD11A695AEC00C2AAC4 /* LaunchScreen.xib in Resources */ = {isa = PBXBuildFile; fileRef = B2D57CCF1A695AEC00C2AAC4 /* LaunchScreen.xib */; };
		B2D57CDD1A695AEC00C2AAC4 /* CoffeeKitTests.m in Sources */ = {isa = PBXBuildFile; fileRef = B2D57CDC1A695AEC00C2AAC4 /* CoffeeKitTests.m */; };
		B2D57CE81A69616A00C2AAC4 /* Venue.m in Sources */ = {isa = PBXBuildFile; fileRef = B2D57CE71A69616A00C2AAC4 /* Venue.m */; };
		B2D57CEB1A6968FD00C2AAC4 /* Location.m in Sources */ = {isa = PBXBuildFile; fileRef = B2D57CEA1A6968FD00C2AAC4 /* Location.m */; };
		B2D57CF11A696D1E00C2AAC4 /* VenueCell.m in Sources */ = {isa = PBXBuildFile; fileRef = B2D57CF01A696D1E00C2AAC4 /* VenueCell.m */; };
		B2D57CF41A696EFC00C2AAC4 /* Stats.m in Sources */ = {isa = PBXBuildFile; fileRef = B2D57CF31A696EFC00C2AAC4 /* Stats.m */; };
/* End PBXBuildFile section */

/* Begin PBXContainerItemProxy section */
		B2D57CD71A695AEC00C2AAC4 /* PBXContainerItemProxy */ = {
			isa = PBXContainerItemProxy;
			containerPortal = B2D57CB21A695AEC00C2AAC4 /* Project object */;
			proxyType = 1;
			remoteGlobalIDString = B2D57CB91A695AEC00C2AAC4;
			remoteInfo = CoffeeKit;
		};
/* End PBXContainerItemProxy section */

/* Begin PBXFileReference section */
		418FE9C9C2CAF014A900891B /* Pods.release.xcconfig */ = {isa = PBXFileReference; includeInIndex = 1; lastKnownFileType = text.xcconfig; name = Pods.release.xcconfig; path = "Pods/Target Support Files/Pods/Pods.release.xcconfig"; sourceTree = "<group>"; };
		860247A595480644AFBBE732 /* libPods.a */ = {isa = PBXFileReference; explicitFileType = archive.ar; includeInIndex = 0; path = libPods.a; sourceTree = BUILT_PRODUCTS_DIR; };
		B2D57CBA1A695AEC00C2AAC4 /* CoffeeKit.app */ = {isa = PBXFileReference; explicitFileType = wrapper.application; includeInIndex = 0; path = CoffeeKit.app; sourceTree = BUILT_PRODUCTS_DIR; };
		B2D57CBE1A695AEC00C2AAC4 /* Info.plist */ = {isa = PBXFileReference; lastKnownFileType = text.plist.xml; path = Info.plist; sourceTree = "<group>"; };
		B2D57CBF1A695AEC00C2AAC4 /* main.m */ = {isa = PBXFileReference; lastKnownFileType = sourcecode.c.objc; path = main.m; sourceTree = "<group>"; };
		B2D57CC11A695AEC00C2AAC4 /* AppDelegate.h */ = {isa = PBXFileReference; lastKnownFileType = sourcecode.c.h; path = AppDelegate.h; sourceTree = "<group>"; };
		B2D57CC21A695AEC00C2AAC4 /* AppDelegate.m */ = {isa = PBXFileReference; lastKnownFileType = sourcecode.c.objc; path = AppDelegate.m; sourceTree = "<group>"; };
		B2D57CC41A695AEC00C2AAC4 /* MasterViewController.h */ = {isa = PBXFileReference; lastKnownFileType = sourcecode.c.h; path = MasterViewController.h; sourceTree = "<group>"; };
		B2D57CC51A695AEC00C2AAC4 /* MasterViewController.m */ = {isa = PBXFileReference; lastKnownFileType = sourcecode.c.objc; path = MasterViewController.m; sourceTree = "<group>"; };
		B2D57CCB1A695AEC00C2AAC4 /* Base */ = {isa = PBXFileReference; lastKnownFileType = file.storyboard; name = Base; path = Base.lproj/Main.storyboard; sourceTree = "<group>"; };
		B2D57CCD1A695AEC00C2AAC4 /* Images.xcassets */ = {isa = PBXFileReference; lastKnownFileType = folder.assetcatalog; path = Images.xcassets; sourceTree = "<group>"; };
		B2D57CD01A695AEC00C2AAC4 /* Base */ = {isa = PBXFileReference; lastKnownFileType = file.xib; name = Base; path = Base.lproj/LaunchScreen.xib; sourceTree = "<group>"; };
		B2D57CD61A695AEC00C2AAC4 /* CoffeeKitTests.xctest */ = {isa = PBXFileReference; explicitFileType = wrapper.cfbundle; includeInIndex = 0; path = CoffeeKitTests.xctest; sourceTree = BUILT_PRODUCTS_DIR; };
		B2D57CDB1A695AEC00C2AAC4 /* Info.plist */ = {isa = PBXFileReference; lastKnownFileType = text.plist.xml; path = Info.plist; sourceTree = "<group>"; };
		B2D57CDC1A695AEC00C2AAC4 /* CoffeeKitTests.m */ = {isa = PBXFileReference; lastKnownFileType = sourcecode.c.objc; path = CoffeeKitTests.m; sourceTree = "<group>"; };
		B2D57CE61A69616A00C2AAC4 /* Venue.h */ = {isa = PBXFileReference; fileEncoding = 4; lastKnownFileType = sourcecode.c.h; path = Venue.h; sourceTree = "<group>"; };
		B2D57CE71A69616A00C2AAC4 /* Venue.m */ = {isa = PBXFileReference; fileEncoding = 4; lastKnownFileType = sourcecode.c.objc; path = Venue.m; sourceTree = "<group>"; };
		B2D57CE91A6968FD00C2AAC4 /* Location.h */ = {isa = PBXFileReference; fileEncoding = 4; lastKnownFileType = sourcecode.c.h; path = Location.h; sourceTree = "<group>"; };
		B2D57CEA1A6968FD00C2AAC4 /* Location.m */ = {isa = PBXFileReference; fileEncoding = 4; lastKnownFileType = sourcecode.c.objc; path = Location.m; sourceTree = "<group>"; };
		B2D57CEF1A696D1E00C2AAC4 /* VenueCell.h */ = {isa = PBXFileReference; fileEncoding = 4; lastKnownFileType = sourcecode.c.h; path = VenueCell.h; sourceTree = "<group>"; };
		B2D57CF01A696D1E00C2AAC4 /* VenueCell.m */ = {isa = PBXFileReference; fileEncoding = 4; lastKnownFileType = sourcecode.c.objc; path = VenueCell.m; sourceTree = "<group>"; };
		B2D57CF21A696EFC00C2AAC4 /* Stats.h */ = {isa = PBXFileReference; fileEncoding = 4; lastKnownFileType = sourcecode.c.h; path = Stats.h; sourceTree = "<group>"; };
		B2D57CF31A696EFC00C2AAC4 /* Stats.m */ = {isa = PBXFileReference; fileEncoding = 4; lastKnownFileType = sourcecode.c.objc; path = Stats.m; sourceTree = "<group>"; };
		CA4D11B3CB84B342150F20C0 /* Pods.debug.xcconfig */ = {isa = PBXFileReference; includeInIndex = 1; lastKnownFileType = text.xcconfig; name = Pods.debug.xcconfig; path = "Pods/Target Support Files/Pods/Pods.debug.xcconfig"; sourceTree = "<group>"; };
/* End PBXFileReference section */

/* Begin PBXFrameworksBuildPhase section */
		B2D57CB71A695AEC00C2AAC4 /* Frameworks */ = {
			isa = PBXFrameworksBuildPhase;
			buildActionMask = 2147483647;
			files = (
				360BDFB9721F5026D0E47E86 /* libPods.a in Frameworks */,
			);
			runOnlyForDeploymentPostprocessing = 0;
		};
		B2D57CD31A695AEC00C2AAC4 /* Frameworks */ = {
			isa = PBXFrameworksBuildPhase;
			buildActionMask = 2147483647;
			files = (
			);
			runOnlyForDeploymentPostprocessing = 0;
		};
/* End PBXFrameworksBuildPhase section */

/* Begin PBXGroup section */
		93D54EF223159BCDAD549066 /* Frameworks */ = {
			isa = PBXGroup;
			children = (
				860247A595480644AFBBE732 /* libPods.a */,
			);
			name = Frameworks;
			sourceTree = "<group>";
		};
		B2D57CB11A695AEC00C2AAC4 = {
			isa = PBXGroup;
			children = (
				B2D57CBC1A695AEC00C2AAC4 /* CoffeeKit */,
				B2D57CD91A695AEC00C2AAC4 /* CoffeeKitTests */,
				B2D57CBB1A695AEC00C2AAC4 /* Products */,
				C98796C6E16F96FB720A1909 /* Pods */,
				93D54EF223159BCDAD549066 /* Frameworks */,
			);
			sourceTree = "<group>";
		};
		B2D57CBB1A695AEC00C2AAC4 /* Products */ = {
			isa = PBXGroup;
			children = (
				B2D57CBA1A695AEC00C2AAC4 /* CoffeeKit.app */,
				B2D57CD61A695AEC00C2AAC4 /* CoffeeKitTests.xctest */,
			);
			name = Products;
			sourceTree = "<group>";
		};
		B2D57CBC1A695AEC00C2AAC4 /* CoffeeKit */ = {
			isa = PBXGroup;
			children = (
				B2D57CC11A695AEC00C2AAC4 /* AppDelegate.h */,
				B2D57CC21A695AEC00C2AAC4 /* AppDelegate.m */,
				B2D57CC41A695AEC00C2AAC4 /* MasterViewController.h */,
				B2D57CC51A695AEC00C2AAC4 /* MasterViewController.m */,
				B2D57CE61A69616A00C2AAC4 /* Venue.h */,
				B2D57CE71A69616A00C2AAC4 /* Venue.m */,
				B2D57CE91A6968FD00C2AAC4 /* Location.h */,
				B2D57CEA1A6968FD00C2AAC4 /* Location.m */,
				B2D57CF21A696EFC00C2AAC4 /* Stats.h */,
				B2D57CF31A696EFC00C2AAC4 /* Stats.m */,
				B2D57CEF1A696D1E00C2AAC4 /* VenueCell.h */,
				B2D57CF01A696D1E00C2AAC4 /* VenueCell.m */,
				B2D57CCA1A695AEC00C2AAC4 /* Main.storyboard */,
				B2D57CCD1A695AEC00C2AAC4 /* Images.xcassets */,
				B2D57CCF1A695AEC00C2AAC4 /* LaunchScreen.xib */,
				B2D57CBD1A695AEC00C2AAC4 /* Supporting Files */,
			);
			path = CoffeeKit;
			sourceTree = "<group>";
		};
		B2D57CBD1A695AEC00C2AAC4 /* Supporting Files */ = {
			isa = PBXGroup;
			children = (
				B2D57CBE1A695AEC00C2AAC4 /* Info.plist */,
				B2D57CBF1A695AEC00C2AAC4 /* main.m */,
			);
			name = "Supporting Files";
			sourceTree = "<group>";
		};
		B2D57CD91A695AEC00C2AAC4 /* CoffeeKitTests */ = {
			isa = PBXGroup;
			children = (
				B2D57CDC1A695AEC00C2AAC4 /* CoffeeKitTests.m */,
				B2D57CDA1A695AEC00C2AAC4 /* Supporting Files */,
			);
			path = CoffeeKitTests;
			sourceTree = "<group>";
		};
		B2D57CDA1A695AEC00C2AAC4 /* Supporting Files */ = {
			isa = PBXGroup;
			children = (
				B2D57CDB1A695AEC00C2AAC4 /* Info.plist */,
			);
			name = "Supporting Files";
			sourceTree = "<group>";
		};
		C98796C6E16F96FB720A1909 /* Pods */ = {
			isa = PBXGroup;
			children = (
				CA4D11B3CB84B342150F20C0 /* Pods.debug.xcconfig */,
				418FE9C9C2CAF014A900891B /* Pods.release.xcconfig */,
			);
			name = Pods;
			sourceTree = "<group>";
		};
/* End PBXGroup section */

/* Begin PBXNativeTarget section */
		B2D57CB91A695AEC00C2AAC4 /* CoffeeKit */ = {
			isa = PBXNativeTarget;
			buildConfigurationList = B2D57CE01A695AEC00C2AAC4 /* Build configuration list for PBXNativeTarget "CoffeeKit" */;
			buildPhases = (
				A938C2E9804ED234DD63D682 /* Check Pods Manifest.lock */,
				B2D57CB61A695AEC00C2AAC4 /* Sources */,
				B2D57CB71A695AEC00C2AAC4 /* Frameworks */,
				B2D57CB81A695AEC00C2AAC4 /* Resources */,
				41AE7CADCC103A335E4C808A /* Copy Pods Resources */,
			);
			buildRules = (
			);
			dependencies = (
			);
			name = CoffeeKit;
			productName = CoffeeKit;
			productReference = B2D57CBA1A695AEC00C2AAC4 /* CoffeeKit.app */;
			productType = "com.apple.product-type.application";
		};
		B2D57CD51A695AEC00C2AAC4 /* CoffeeKitTests */ = {
			isa = PBXNativeTarget;
			buildConfigurationList = B2D57CE31A695AEC00C2AAC4 /* Build configuration list for PBXNativeTarget "CoffeeKitTests" */;
			buildPhases = (
				B2D57CD21A695AEC00C2AAC4 /* Sources */,
				B2D57CD31A695AEC00C2AAC4 /* Frameworks */,
				B2D57CD41A695AEC00C2AAC4 /* Resources */,
			);
			buildRules = (
			);
			dependencies = (
				B2D57CD81A695AEC00C2AAC4 /* PBXTargetDependency */,
			);
			name = CoffeeKitTests;
			productName = CoffeeKitTests;
			productReference = B2D57CD61A695AEC00C2AAC4 /* CoffeeKitTests.xctest */;
			productType = "com.apple.product-type.bundle.unit-test";
		};
/* End PBXNativeTarget section */

/* Begin PBXProject section */
		B2D57CB21A695AEC00C2AAC4 /* Project object */ = {
			isa = PBXProject;
			attributes = {
				LastUpgradeCheck = 0610;
				ORGANIZATIONNAME = "Citta LLC";
				TargetAttributes = {
					B2D57CB91A695AEC00C2AAC4 = {
						CreatedOnToolsVersion = 6.1.1;
					};
					B2D57CD51A695AEC00C2AAC4 = {
						CreatedOnToolsVersion = 6.1.1;
						TestTargetID = B2D57CB91A695AEC00C2AAC4;
					};
				};
			};
			buildConfigurationList = B2D57CB51A695AEC00C2AAC4 /* Build configuration list for PBXProject "CoffeeKit" */;
			compatibilityVersion = "Xcode 3.2";
			developmentRegion = English;
			hasScannedForEncodings = 0;
			knownRegions = (
				en,
				Base,
			);
			mainGroup = B2D57CB11A695AEC00C2AAC4;
			productRefGroup = B2D57CBB1A695AEC00C2AAC4 /* Products */;
			projectDirPath = "";
			projectRoot = "";
			targets = (
				B2D57CB91A695AEC00C2AAC4 /* CoffeeKit */,
				B2D57CD51A695AEC00C2AAC4 /* CoffeeKitTests */,
			);
		};
/* End PBXProject section */

/* Begin PBXResourcesBuildPhase section */
		B2D57CB81A695AEC00C2AAC4 /* Resources */ = {
			isa = PBXResourcesBuildPhase;
			buildActionMask = 2147483647;
			files = (
				B2D57CCC1A695AEC00C2AAC4 /* Main.storyboard in Resources */,
				B2D57CD11A695AEC00C2AAC4 /* LaunchScreen.xib in Resources */,
				B2D57CCE1A695AEC00C2AAC4 /* Images.xcassets in Resources */,
			);
			runOnlyForDeploymentPostprocessing = 0;
		};
		B2D57CD41A695AEC00C2AAC4 /* Resources */ = {
			isa = PBXResourcesBuildPhase;
			buildActionMask = 2147483647;
			files = (
			);
			runOnlyForDeploymentPostprocessing = 0;
		};
/* End PBXResourcesBuildPhase section */

/* Begin PBXShellScriptBuildPhase section */
		41AE7CADCC103A335E4C808A /* Copy Pods Resources */ = {
			isa = PBXShellScriptBuildPhase;
			buildActionMask = 2147483647;
			files = (
			);
			inputPaths = (
			);
			name = "Copy Pods Resources";
			outputPaths = (
			);
			runOnlyForDeploymentPostprocessing = 0;
			shellPath = /bin/sh;
			shellScript = "\"${SRCROOT}/Pods/Target Support Files/Pods/Pods-resources.sh\"\n";
			showEnvVarsInLog = 0;
		};
		A938C2E9804ED234DD63D682 /* Check Pods Manifest.lock */ = {
			isa = PBXShellScriptBuildPhase;
			buildActionMask = 2147483647;
			files = (
			);
			inputPaths = (
			);
			name = "Check Pods Manifest.lock";
			outputPaths = (
			);
			runOnlyForDeploymentPostprocessing = 0;
			shellPath = /bin/sh;
			shellScript = "diff \"${PODS_ROOT}/../Podfile.lock\" \"${PODS_ROOT}/Manifest.lock\" > /dev/null\nif [[ $? != 0 ]] ; then\n    cat << EOM\nerror: The sandbox is not in sync with the Podfile.lock. Run 'pod install' or update your CocoaPods installation.\nEOM\n    exit 1\nfi\n";
			showEnvVarsInLog = 0;
		};
/* End PBXShellScriptBuildPhase section */

/* Begin PBXSourcesBuildPhase section */
		B2D57CB61A695AEC00C2AAC4 /* Sources */ = {
			isa = PBXSourcesBuildPhase;
			buildActionMask = 2147483647;
			files = (
				B2D57CC31A695AEC00C2AAC4 /* AppDelegate.m in Sources */,
				B2D57CF11A696D1E00C2AAC4 /* VenueCell.m in Sources */,
				B2D57CEB1A6968FD00C2AAC4 /* Location.m in Sources */,
				B2D57CE81A69616A00C2AAC4 /* Venue.m in Sources */,
				B2D57CF41A696EFC00C2AAC4 /* Stats.m in Sources */,
				B2D57CC61A695AEC00C2AAC4 /* MasterViewController.m in Sources */,
				B2D57CC01A695AEC00C2AAC4 /* main.m in Sources */,
			);
			runOnlyForDeploymentPostprocessing = 0;
		};
		B2D57CD21A695AEC00C2AAC4 /* Sources */ = {
			isa = PBXSourcesBuildPhase;
			buildActionMask = 2147483647;
			files = (
				B2D57CDD1A695AEC00C2AAC4 /* CoffeeKitTests.m in Sources */,
			);
			runOnlyForDeploymentPostprocessing = 0;
		};
/* End PBXSourcesBuildPhase section */

/* Begin PBXTargetDependency section */
		B2D57CD81A695AEC00C2AAC4 /* PBXTargetDependency */ = {
			isa = PBXTargetDependency;
			target = B2D57CB91A695AEC00C2AAC4 /* CoffeeKit */;
			targetProxy = B2D57CD71A695AEC00C2AAC4 /* PBXContainerItemProxy */;
		};
/* End PBXTargetDependency section */

/* Begin PBXVariantGroup section */
		B2D57CCA1A695AEC00C2AAC4 /* Main.storyboard */ = {
			isa = PBXVariantGroup;
			children = (
				B2D57CCB1A695AEC00C2AAC4 /* Base */,
			);
			name = Main.storyboard;
			sourceTree = "<group>";
		};
		B2D57CCF1A695AEC00C2AAC4 /* LaunchScreen.xib */ = {
			isa = PBXVariantGroup;
			children = (
				B2D57CD01A695AEC00C2AAC4 /* Base */,
			);
			name = LaunchScreen.xib;
			sourceTree = "<group>";
		};
/* End PBXVariantGroup section */

/* Begin XCBuildConfiguration section */
		B2D57CDE1A695AEC00C2AAC4 /* Debug */ = {
			isa = XCBuildConfiguration;
			buildSettings = {
				ALWAYS_SEARCH_USER_PATHS = NO;
				CLANG_CXX_LANGUAGE_STANDARD = "gnu++0x";
				CLANG_CXX_LIBRARY = "libc++";
				CLANG_ENABLE_MODULES = YES;
				CLANG_ENABLE_OBJC_ARC = YES;
				CLANG_WARN_BOOL_CONVERSION = YES;
				CLANG_WARN_CONSTANT_CONVERSION = YES;
				CLANG_WARN_DIRECT_OBJC_ISA_USAGE = YES_ERROR;
				CLANG_WARN_EMPTY_BODY = YES;
				CLANG_WARN_ENUM_CONVERSION = YES;
				CLANG_WARN_INT_CONVERSION = YES;
				CLANG_WARN_OBJC_ROOT_CLASS = YES_ERROR;
				CLANG_WARN_UNREACHABLE_CODE = YES;
				CLANG_WARN__DUPLICATE_METHOD_MATCH = YES;
				"CODE_SIGN_IDENTITY[sdk=iphoneos*]" = "iPhone Developer";
				COPY_PHASE_STRIP = NO;
				ENABLE_STRICT_OBJC_MSGSEND = YES;
				GCC_C_LANGUAGE_STANDARD = gnu99;
				GCC_DYNAMIC_NO_PIC = NO;
				GCC_OPTIMIZATION_LEVEL = 0;
				GCC_PREPROCESSOR_DEFINITIONS = (
					"DEBUG=1",
					"$(inherited)",
				);
				GCC_SYMBOLS_PRIVATE_EXTERN = NO;
				GCC_WARN_64_TO_32_BIT_CONVERSION = YES;
				GCC_WARN_ABOUT_RETURN_TYPE = YES_ERROR;
				GCC_WARN_UNDECLARED_SELECTOR = YES;
				GCC_WARN_UNINITIALIZED_AUTOS = YES_AGGRESSIVE;
				GCC_WARN_UNUSED_FUNCTION = YES;
				GCC_WARN_UNUSED_VARIABLE = YES;
				IPHONEOS_DEPLOYMENT_TARGET = 8.1;
				MTL_ENABLE_DEBUG_INFO = YES;
				ONLY_ACTIVE_ARCH = YES;
				SDKROOT = iphoneos;
			};
			name = Debug;
		};
		B2D57CDF1A695AEC00C2AAC4 /* Release */ = {
			isa = XCBuildConfiguration;
			buildSettings = {
				ALWAYS_SEARCH_USER_PATHS = NO;
				CLANG_CXX_LANGUAGE_STANDARD = "gnu++0x";
				CLANG_CXX_LIBRARY = "libc++";
				CLANG_ENABLE_MODULES = YES;
				CLANG_ENABLE_OBJC_ARC = YES;
				CLANG_WARN_BOOL_CONVERSION = YES;
				CLANG_WARN_CONSTANT_CONVERSION = YES;
				CLANG_WARN_DIRECT_OBJC_ISA_USAGE = YES_ERROR;
				CLANG_WARN_EMPTY_BODY = YES;
				CLANG_WARN_ENUM_CONVERSION = YES;
				CLANG_WARN_INT_CONVERSION = YES;
				CLANG_WARN_OBJC_ROOT_CLASS = YES_ERROR;
				CLANG_WARN_UNREACHABLE_CODE = YES;
				CLANG_WARN__DUPLICATE_METHOD_MATCH = YES;
				"CODE_SIGN_IDENTITY[sdk=iphoneos*]" = "iPhone Developer";
				COPY_PHASE_STRIP = YES;
				ENABLE_NS_ASSERTIONS = NO;
				ENABLE_STRICT_OBJC_MSGSEND = YES;
				GCC_C_LANGUAGE_STANDARD = gnu99;
				GCC_WARN_64_TO_32_BIT_CONVERSION = YES;
				GCC_WARN_ABOUT_RETURN_TYPE = YES_ERROR;
				GCC_WARN_UNDECLARED_SELECTOR = YES;
				GCC_WARN_UNINITIALIZED_AUTOS = YES_AGGRESSIVE;
				GCC_WARN_UNUSED_FUNCTION = YES;
				GCC_WARN_UNUSED_VARIABLE = YES;
				IPHONEOS_DEPLOYMENT_TARGET = 8.1;
				MTL_ENABLE_DEBUG_INFO = NO;
				SDKROOT = iphoneos;
				VALIDATE_PRODUCT = YES;
			};
			name = Release;
		};
		B2D57CE11A695AEC00C2AAC4 /* Debug */ = {
			isa = XCBuildConfiguration;
			baseConfigurationReference = CA4D11B3CB84B342150F20C0 /* Pods.debug.xcconfig */;
			buildSettings = {
				ASSETCATALOG_COMPILER_APPICON_NAME = AppIcon;
				INFOPLIST_FILE = CoffeeKit/Info.plist;
				LD_RUNPATH_SEARCH_PATHS = "$(inherited) @executable_path/Frameworks";
				PRODUCT_NAME = "$(TARGET_NAME)";
			};
			name = Debug;
		};
		B2D57CE21A695AEC00C2AAC4 /* Release */ = {
			isa = XCBuildConfiguration;
			baseConfigurationReference = 418FE9C9C2CAF014A900891B /* Pods.release.xcconfig */;
			buildSettings = {
				ASSETCATALOG_COMPILER_APPICON_NAME = AppIcon;
				INFOPLIST_FILE = CoffeeKit/Info.plist;
				LD_RUNPATH_SEARCH_PATHS = "$(inherited) @executable_path/Frameworks";
				PRODUCT_NAME = "$(TARGET_NAME)";
			};
			name = Release;
		};
		B2D57CE41A695AEC00C2AAC4 /* Debug */ = {
			isa = XCBuildConfiguration;
			buildSettings = {
				BUNDLE_LOADER = "$(TEST_HOST)";
				FRAMEWORK_SEARCH_PATHS = (
					"$(SDKROOT)/Developer/Library/Frameworks",
					"$(inherited)",
				);
				GCC_PREPROCESSOR_DEFINITIONS = (
					"DEBUG=1",
					"$(inherited)",
				);
				INFOPLIST_FILE = CoffeeKitTests/Info.plist;
				LD_RUNPATH_SEARCH_PATHS = "$(inherited) @executable_path/Frameworks @loader_path/Frameworks";
				PRODUCT_NAME = "$(TARGET_NAME)";
				TEST_HOST = "$(BUILT_PRODUCTS_DIR)/CoffeeKit.app/CoffeeKit";
			};
			name = Debug;
		};
		B2D57CE51A695AEC00C2AAC4 /* Release */ = {
			isa = XCBuildConfiguration;
			buildSettings = {
				BUNDLE_LOADER = "$(TEST_HOST)";
				FRAMEWORK_SEARCH_PATHS = (
					"$(SDKROOT)/Developer/Library/Frameworks",
					"$(inherited)",
				);
				INFOPLIST_FILE = CoffeeKitTests/Info.plist;
				LD_RUNPATH_SEARCH_PATHS = "$(inherited) @executable_path/Frameworks @loader_path/Frameworks";
				PRODUCT_NAME = "$(TARGET_NAME)";
				TEST_HOST = "$(BUILT_PRODUCTS_DIR)/CoffeeKit.app/CoffeeKit";
			};
			name = Release;
		};
/* End XCBuildConfiguration section */

/* Begin XCConfigurationList section */
		B2D57CB51A695AEC00C2AAC4 /* Build configuration list for PBXProject "CoffeeKit" */ = {
			isa = XCConfigurationList;
			buildConfigurations = (
				B2D57CDE1A695AEC00C2AAC4 /* Debug */,
				B2D57CDF1A695AEC00C2AAC4 /* Release */,
			);
			defaultConfigurationIsVisible = 0;
			defaultConfigurationName = Release;
		};
		B2D57CE01A695AEC00C2AAC4 /* Build configuration list for PBXNativeTarget "CoffeeKit" */ = {
			isa = XCConfigurationList;
			buildConfigurations = (
				B2D57CE11A695AEC00C2AAC4 /* Debug */,
				B2D57CE21A695AEC00C2AAC4 /* Release */,
			);
			defaultConfigurationIsVisible = 0;
			defaultConfigurationName = Release;
		};
		B2D57CE31A695AEC00C2AAC4 /* Build configuration list for PBXNativeTarget "CoffeeKitTests" */ = {
			isa = XCConfigurationList;
			buildConfigurations = (
				B2D57CE41A695AEC00C2AAC4 /* Debug */,
				B2D57CE51A695AEC00C2AAC4 /* Release */,
			);
			defaultConfigurationIsVisible = 0;
			defaultConfigurationName = Release;
		};
/* End XCConfigurationList section */
	};
	rootObject = B2D57CB21A695AEC00C2AAC4 /* Project object */;
}
